// !$*UTF8*$!
{
	archiveVersion = 1;
	classes = {
	};
	objectVersion = 51;
	objects = {

/* Begin PBXBuildFile section */
		4232207B92D614812E700AE2 /* Pods_Hive2D.framework in Frameworks */ = {isa = PBXBuildFile; fileRef = 84E0997E163C5167C00B24B4 /* Pods_Hive2D.framework */; };
		A97F489A241CE0AF00BF5429 /* LobbyNetworking.swift in Sources */ = {isa = PBXBuildFile; fileRef = A97F4899241CE0AE00BF5429 /* LobbyNetworking.swift */; };
		A97F489C241CE23800BF5429 /* LobbyNetworkingDelegate.swift in Sources */ = {isa = PBXBuildFile; fileRef = A97F489B241CE23800BF5429 /* LobbyNetworkingDelegate.swift */; };
		A97F48A0241CE9AB00BF5429 /* GameNetworking.swift in Sources */ = {isa = PBXBuildFile; fileRef = A97F489F241CE9AB00BF5429 /* GameNetworking.swift */; };
		A97F48A3241E172500BF5429 /* GameAction.swift in Sources */ = {isa = PBXBuildFile; fileRef = A97F48A2241E172500BF5429 /* GameAction.swift */; };
		A97F48A5241E201700BF5429 /* FirebaseCodable.swift in Sources */ = {isa = PBXBuildFile; fileRef = A97F48A4241E201700BF5429 /* FirebaseCodable.swift */; };
		A97F48A7241E30C200BF5429 /* BuildNodeAction.swift in Sources */ = {isa = PBXBuildFile; fileRef = A97F48A6241E30C200BF5429 /* BuildNodeAction.swift */; };
		A97F48A9241E30E900BF5429 /* DestroyNodeAction.swift in Sources */ = {isa = PBXBuildFile; fileRef = A97F48A8241E30E900BF5429 /* DestroyNodeAction.swift */; };
		A97F48AB241E310000BF5429 /* ChangeNodeAction.swift in Sources */ = {isa = PBXBuildFile; fileRef = A97F48AA241E310000BF5429 /* ChangeNodeAction.swift */; };
		A97F48AD241E310D00BF5429 /* QuitGameAction.swift in Sources */ = {isa = PBXBuildFile; fileRef = A97F48AC241E310D00BF5429 /* QuitGameAction.swift */; };
		A97F48AF241E316900BF5429 /* StartGameAction.swift in Sources */ = {isa = PBXBuildFile; fileRef = A97F48AE241E316900BF5429 /* StartGameAction.swift */; };
		A97F48B1241E87AC00BF5429 /* GameActionType.swift in Sources */ = {isa = PBXBuildFile; fileRef = A97F48B0241E87AC00BF5429 /* GameActionType.swift */; };
		A97F48B7241E8B6D00BF5429 /* FirebaseLobby.swift in Sources */ = {isa = PBXBuildFile; fileRef = A97F48B6241E8B6D00BF5429 /* FirebaseLobby.swift */; };
		A97F48B92420ECA900BF5429 /* GameActionQueue.swift in Sources */ = {isa = PBXBuildFile; fileRef = A97F48B82420ECA900BF5429 /* GameActionQueue.swift */; };
		A97F48BC2420F3B600BF5429 /* Queue.swift in Sources */ = {isa = PBXBuildFile; fileRef = A97F48BB2420F3B600BF5429 /* Queue.swift */; };
		A97F48BE2420F46C00BF5429 /* FirebaseGame.swift in Sources */ = {isa = PBXBuildFile; fileRef = A97F48BD2420F46C00BF5429 /* FirebaseGame.swift */; };
		A97F48C02422200000BF5429 /* LobbyFinder.swift in Sources */ = {isa = PBXBuildFile; fileRef = A97F48BF2422200000BF5429 /* LobbyFinder.swift */; };
		A97F48C22422206100BF5429 /* LobbyFinderDelegate.swift in Sources */ = {isa = PBXBuildFile; fileRef = A97F48C12422206100BF5429 /* LobbyFinderDelegate.swift */; };
		A97F48C52422213D00BF5429 /* FirebaseLobbyFinder.swift in Sources */ = {isa = PBXBuildFile; fileRef = A97F48C42422213D00BF5429 /* FirebaseLobbyFinder.swift */; };
		A97F48C72422218700BF5429 /* FirebaseConstants.swift in Sources */ = {isa = PBXBuildFile; fileRef = A97F48C62422218700BF5429 /* FirebaseConstants.swift */; };
		A97F48C9242299B700BF5429 /* FirebaseHelper.swift in Sources */ = {isa = PBXBuildFile; fileRef = A97F48C8242299B700BF5429 /* FirebaseHelper.swift */; };
		A97F48CD242322ED00BF5429 /* UserAuth.swift in Sources */ = {isa = PBXBuildFile; fileRef = A97F48CC242322ED00BF5429 /* UserAuth.swift */; };
		A97F48CF2423236F00BF5429 /* UserAuthDelegate.swift in Sources */ = {isa = PBXBuildFile; fileRef = A97F48CE2423236E00BF5429 /* UserAuthDelegate.swift */; };
		A97F48D2242323FF00BF5429 /* FirebaseUserAuth.swift in Sources */ = {isa = PBXBuildFile; fileRef = A97F48D1242323FF00BF5429 /* FirebaseUserAuth.swift */; };
		A97F48D4242328AA00BF5429 /* UserAuthState.swift in Sources */ = {isa = PBXBuildFile; fileRef = A97F48D3242328AA00BF5429 /* UserAuthState.swift */; };
		BE70684F241F79050060CC59 /* JoinGameModalViewController.swift in Sources */ = {isa = PBXBuildFile; fileRef = BE70684E241F79050060CC59 /* JoinGameModalViewController.swift */; };
		BE706853241F7D390060CC59 /* SettingsModalViewController.swift in Sources */ = {isa = PBXBuildFile; fileRef = BE706852241F7D390060CC59 /* SettingsModalViewController.swift */; };
		BEB648F9241E5783002814D4 /* MainViewController.swift in Sources */ = {isa = PBXBuildFile; fileRef = BEB648F8241E5783002814D4 /* MainViewController.swift */; };
		BEB648FC241E5BF3002814D4 /* LobbyViewController.swift in Sources */ = {isa = PBXBuildFile; fileRef = BEB648FB241E5BF3002814D4 /* LobbyViewController.swift */; };
		BEB648FE241E8221002814D4 /* GameViewController.swift in Sources */ = {isa = PBXBuildFile; fileRef = BEB648FD241E8221002814D4 /* GameViewController.swift */; };
		BED086082420CAC700AA9441 /* Lobby.swift in Sources */ = {isa = PBXBuildFile; fileRef = A97F489D241CE2A500BF5429 /* Lobby.swift */; };
		BED0860A2420CAEA00AA9441 /* LobbySettings.swift in Sources */ = {isa = PBXBuildFile; fileRef = BED086092420CAEA00AA9441 /* LobbySettings.swift */; };
		BED0860C2420CB2B00AA9441 /* GamePlayer.swift in Sources */ = {isa = PBXBuildFile; fileRef = BED0860B2420CB2B00AA9441 /* GamePlayer.swift */; };
		BED0860E242106FB00AA9441 /* ChooseNameModalViewController.swift in Sources */ = {isa = PBXBuildFile; fileRef = BED0860D242106FB00AA9441 /* ChooseNameModalViewController.swift */; };
		BED08610242118D900AA9441 /* Constants.swift in Sources */ = {isa = PBXBuildFile; fileRef = BED0860F242118D900AA9441 /* Constants.swift */; };
		F969C2B5241CB048002C004F /* AppDelegate.swift in Sources */ = {isa = PBXBuildFile; fileRef = F969C2B4241CB048002C004F /* AppDelegate.swift */; };
		F969C2B7241CB048002C004F /* SceneDelegate.swift in Sources */ = {isa = PBXBuildFile; fileRef = F969C2B6241CB048002C004F /* SceneDelegate.swift */; };
		F969C2B9241CB048002C004F /* ViewController.swift in Sources */ = {isa = PBXBuildFile; fileRef = F969C2B8241CB048002C004F /* ViewController.swift */; };
		F969C2BC241CB048002C004F /* Main.storyboard in Resources */ = {isa = PBXBuildFile; fileRef = F969C2BA241CB048002C004F /* Main.storyboard */; };
		F969C2BE241CB04A002C004F /* Assets.xcassets in Resources */ = {isa = PBXBuildFile; fileRef = F969C2BD241CB04A002C004F /* Assets.xcassets */; };
		F969C2C1241CB04A002C004F /* LaunchScreen.storyboard in Resources */ = {isa = PBXBuildFile; fileRef = F969C2BF241CB04A002C004F /* LaunchScreen.storyboard */; };
		F969C2CC241CB04A002C004F /* Hive2DTests.swift in Sources */ = {isa = PBXBuildFile; fileRef = F969C2CB241CB04A002C004F /* Hive2DTests.swift */; };
		F969C2D7241CB04A002C004F /* Hive2DUITests.swift in Sources */ = {isa = PBXBuildFile; fileRef = F969C2D6241CB04A002C004F /* Hive2DUITests.swift */; };
		F969C2E6241F9153002C004F /* Game.swift in Sources */ = {isa = PBXBuildFile; fileRef = F969C2E5241F9153002C004F /* Game.swift */; };
		F969C2E8241F915E002C004F /* ResourceNode.swift in Sources */ = {isa = PBXBuildFile; fileRef = F969C2E7241F915E002C004F /* ResourceNode.swift */; };
		F969C2EA241F9163002C004F /* SpriteComponent.swift in Sources */ = {isa = PBXBuildFile; fileRef = F969C2E9241F9163002C004F /* SpriteComponent.swift */; };
		F969C2EE24205018002C004F /* NodeComponent.swift in Sources */ = {isa = PBXBuildFile; fileRef = F969C2ED24205018002C004F /* NodeComponent.swift */; };
		F969C2F024205022002C004F /* ResourceConsumerComponent.swift in Sources */ = {isa = PBXBuildFile; fileRef = F969C2EF24205022002C004F /* ResourceConsumerComponent.swift */; };
		F969C2F224205032002C004F /* ResourceCollectorComponent.swift in Sources */ = {isa = PBXBuildFile; fileRef = F969C2F124205032002C004F /* ResourceCollectorComponent.swift */; };
		F969C2F42420503F002C004F /* PlayerComponent.swift in Sources */ = {isa = PBXBuildFile; fileRef = F969C2F32420503F002C004F /* PlayerComponent.swift */; };
		F969C2F6242073C6002C004F /* Hive.swift in Sources */ = {isa = PBXBuildFile; fileRef = F969C2F5242073C6002C004F /* Hive.swift */; };
		F969C2F82420CEDC002C004F /* CombatNode.swift in Sources */ = {isa = PBXBuildFile; fileRef = F969C2F72420CEDC002C004F /* CombatNode.swift */; };
		F969C2FA2420D0EB002C004F /* GameScene.swift in Sources */ = {isa = PBXBuildFile; fileRef = F969C2F92420D0EB002C004F /* GameScene.swift */; };
		F969C2FC2420D4FA002C004F /* GameConfig.swift in Sources */ = {isa = PBXBuildFile; fileRef = F969C2FB2420D4FA002C004F /* GameConfig.swift */; };
		F969C2FE2420D935002C004F /* ResourceComponent.swift in Sources */ = {isa = PBXBuildFile; fileRef = F969C2FD2420D935002C004F /* ResourceComponent.swift */; };
		F969C3002420D96F002C004F /* Player.swift in Sources */ = {isa = PBXBuildFile; fileRef = F969C2FF2420D96F002C004F /* Player.swift */; };
		F9A2CE6C2420EF2600E5AB9F /* GoogleService-Info.plist in Resources */ = {isa = PBXBuildFile; fileRef = F9A2CE6B2420EF2600E5AB9F /* GoogleService-Info.plist */; };
		F9A2CE6D2420EF2600E5AB9F /* GoogleService-Info.plist in Resources */ = {isa = PBXBuildFile; fileRef = F9A2CE6B2420EF2600E5AB9F /* GoogleService-Info.plist */; };
		F9A2CE6E2420EF2600E5AB9F /* GoogleService-Info.plist in Resources */ = {isa = PBXBuildFile; fileRef = F9A2CE6B2420EF2600E5AB9F /* GoogleService-Info.plist */; };
/* End PBXBuildFile section */

/* Begin PBXContainerItemProxy section */
		F969C2C8241CB04A002C004F /* PBXContainerItemProxy */ = {
			isa = PBXContainerItemProxy;
			containerPortal = F969C2A9241CB048002C004F /* Project object */;
			proxyType = 1;
			remoteGlobalIDString = F969C2B0241CB048002C004F;
			remoteInfo = Hive2D;
		};
		F969C2D3241CB04A002C004F /* PBXContainerItemProxy */ = {
			isa = PBXContainerItemProxy;
			containerPortal = F969C2A9241CB048002C004F /* Project object */;
			proxyType = 1;
			remoteGlobalIDString = F969C2B0241CB048002C004F;
			remoteInfo = Hive2D;
		};
/* End PBXContainerItemProxy section */

/* Begin PBXFileReference section */
		17AB66D2A4E7C3B17AF91815 /* Pods-Hive2D.debug.xcconfig */ = {isa = PBXFileReference; includeInIndex = 1; lastKnownFileType = text.xcconfig; name = "Pods-Hive2D.debug.xcconfig"; path = "Pods/Target Support Files/Pods-Hive2D/Pods-Hive2D.debug.xcconfig"; sourceTree = "<group>"; };
		2BB95A6D29C3D921123843A0 /* Pods-Hive2D.release.xcconfig */ = {isa = PBXFileReference; includeInIndex = 1; lastKnownFileType = text.xcconfig; name = "Pods-Hive2D.release.xcconfig"; path = "Target Support Files/Pods-Hive2D/Pods-Hive2D.release.xcconfig"; sourceTree = "<group>"; };
		84E0997E163C5167C00B24B4 /* Pods_Hive2D.framework */ = {isa = PBXFileReference; explicitFileType = wrapper.framework; includeInIndex = 0; path = Pods_Hive2D.framework; sourceTree = BUILT_PRODUCTS_DIR; };
		A5B10ABA47111A0AB9D95191 /* Pods-Hive2D.debug.xcconfig */ = {isa = PBXFileReference; includeInIndex = 1; lastKnownFileType = text.xcconfig; name = "Pods-Hive2D.debug.xcconfig"; path = "Target Support Files/Pods-Hive2D/Pods-Hive2D.debug.xcconfig"; sourceTree = "<group>"; };
		A97F4899241CE0AE00BF5429 /* LobbyNetworking.swift */ = {isa = PBXFileReference; lastKnownFileType = sourcecode.swift; path = LobbyNetworking.swift; sourceTree = "<group>"; };
		A97F489B241CE23800BF5429 /* LobbyNetworkingDelegate.swift */ = {isa = PBXFileReference; lastKnownFileType = sourcecode.swift; path = LobbyNetworkingDelegate.swift; sourceTree = "<group>"; };
		A97F489D241CE2A500BF5429 /* Lobby.swift */ = {isa = PBXFileReference; lastKnownFileType = sourcecode.swift; path = Lobby.swift; sourceTree = "<group>"; };
		A97F489F241CE9AB00BF5429 /* GameNetworking.swift */ = {isa = PBXFileReference; lastKnownFileType = sourcecode.swift; path = GameNetworking.swift; sourceTree = "<group>"; };
		A97F48A2241E172500BF5429 /* GameAction.swift */ = {isa = PBXFileReference; lastKnownFileType = sourcecode.swift; path = GameAction.swift; sourceTree = "<group>"; };
		A97F48A4241E201700BF5429 /* FirebaseCodable.swift */ = {isa = PBXFileReference; lastKnownFileType = sourcecode.swift; path = FirebaseCodable.swift; sourceTree = "<group>"; };
		A97F48A6241E30C200BF5429 /* BuildNodeAction.swift */ = {isa = PBXFileReference; lastKnownFileType = sourcecode.swift; path = BuildNodeAction.swift; sourceTree = "<group>"; };
		A97F48A8241E30E900BF5429 /* DestroyNodeAction.swift */ = {isa = PBXFileReference; lastKnownFileType = sourcecode.swift; path = DestroyNodeAction.swift; sourceTree = "<group>"; };
		A97F48AA241E310000BF5429 /* ChangeNodeAction.swift */ = {isa = PBXFileReference; lastKnownFileType = sourcecode.swift; path = ChangeNodeAction.swift; sourceTree = "<group>"; };
		A97F48AC241E310D00BF5429 /* QuitGameAction.swift */ = {isa = PBXFileReference; lastKnownFileType = sourcecode.swift; path = QuitGameAction.swift; sourceTree = "<group>"; };
		A97F48AE241E316900BF5429 /* StartGameAction.swift */ = {isa = PBXFileReference; lastKnownFileType = sourcecode.swift; path = StartGameAction.swift; sourceTree = "<group>"; };
		A97F48B0241E87AC00BF5429 /* GameActionType.swift */ = {isa = PBXFileReference; lastKnownFileType = sourcecode.swift; path = GameActionType.swift; sourceTree = "<group>"; };
		A97F48B6241E8B6D00BF5429 /* FirebaseLobby.swift */ = {isa = PBXFileReference; lastKnownFileType = sourcecode.swift; path = FirebaseLobby.swift; sourceTree = "<group>"; };
		A97F48B82420ECA900BF5429 /* GameActionQueue.swift */ = {isa = PBXFileReference; lastKnownFileType = sourcecode.swift; path = GameActionQueue.swift; sourceTree = "<group>"; };
		A97F48BB2420F3B600BF5429 /* Queue.swift */ = {isa = PBXFileReference; lastKnownFileType = sourcecode.swift; path = Queue.swift; sourceTree = "<group>"; };
		A97F48BD2420F46C00BF5429 /* FirebaseGame.swift */ = {isa = PBXFileReference; lastKnownFileType = sourcecode.swift; path = FirebaseGame.swift; sourceTree = "<group>"; };
		A97F48BF2422200000BF5429 /* LobbyFinder.swift */ = {isa = PBXFileReference; lastKnownFileType = sourcecode.swift; path = LobbyFinder.swift; sourceTree = "<group>"; };
		A97F48C12422206100BF5429 /* LobbyFinderDelegate.swift */ = {isa = PBXFileReference; lastKnownFileType = sourcecode.swift; path = LobbyFinderDelegate.swift; sourceTree = "<group>"; };
		A97F48C42422213D00BF5429 /* FirebaseLobbyFinder.swift */ = {isa = PBXFileReference; lastKnownFileType = sourcecode.swift; path = FirebaseLobbyFinder.swift; sourceTree = "<group>"; };
		A97F48C62422218700BF5429 /* FirebaseConstants.swift */ = {isa = PBXFileReference; lastKnownFileType = sourcecode.swift; path = FirebaseConstants.swift; sourceTree = "<group>"; };
		A97F48C8242299B700BF5429 /* FirebaseHelper.swift */ = {isa = PBXFileReference; lastKnownFileType = sourcecode.swift; path = FirebaseHelper.swift; sourceTree = "<group>"; };
		A97F48CC242322ED00BF5429 /* UserAuth.swift */ = {isa = PBXFileReference; lastKnownFileType = sourcecode.swift; path = UserAuth.swift; sourceTree = "<group>"; };
		A97F48CE2423236E00BF5429 /* UserAuthDelegate.swift */ = {isa = PBXFileReference; lastKnownFileType = sourcecode.swift; path = UserAuthDelegate.swift; sourceTree = "<group>"; };
		A97F48D1242323FF00BF5429 /* FirebaseUserAuth.swift */ = {isa = PBXFileReference; lastKnownFileType = sourcecode.swift; path = FirebaseUserAuth.swift; sourceTree = "<group>"; };
		A97F48D3242328AA00BF5429 /* UserAuthState.swift */ = {isa = PBXFileReference; lastKnownFileType = sourcecode.swift; path = UserAuthState.swift; sourceTree = "<group>"; };
		AEC71E151511AF7DFA049812 /* Pods-Hive2D.release.xcconfig */ = {isa = PBXFileReference; includeInIndex = 1; lastKnownFileType = text.xcconfig; name = "Pods-Hive2D.release.xcconfig"; path = "Pods/Target Support Files/Pods-Hive2D/Pods-Hive2D.release.xcconfig"; sourceTree = "<group>"; };
		BE70684E241F79050060CC59 /* JoinGameModalViewController.swift */ = {isa = PBXFileReference; lastKnownFileType = sourcecode.swift; path = JoinGameModalViewController.swift; sourceTree = "<group>"; };
		BE706852241F7D390060CC59 /* SettingsModalViewController.swift */ = {isa = PBXFileReference; lastKnownFileType = sourcecode.swift; path = SettingsModalViewController.swift; sourceTree = "<group>"; };
		BEB648F8241E5783002814D4 /* MainViewController.swift */ = {isa = PBXFileReference; lastKnownFileType = sourcecode.swift; path = MainViewController.swift; sourceTree = "<group>"; };
		BEB648FB241E5BF3002814D4 /* LobbyViewController.swift */ = {isa = PBXFileReference; lastKnownFileType = sourcecode.swift; path = LobbyViewController.swift; sourceTree = "<group>"; };
		BEB648FD241E8221002814D4 /* GameViewController.swift */ = {isa = PBXFileReference; lastKnownFileType = sourcecode.swift; path = GameViewController.swift; sourceTree = "<group>"; };
		BED086092420CAEA00AA9441 /* LobbySettings.swift */ = {isa = PBXFileReference; lastKnownFileType = sourcecode.swift; path = LobbySettings.swift; sourceTree = "<group>"; };
		BED0860B2420CB2B00AA9441 /* GamePlayer.swift */ = {isa = PBXFileReference; lastKnownFileType = sourcecode.swift; path = GamePlayer.swift; sourceTree = "<group>"; };
		BED0860D242106FB00AA9441 /* ChooseNameModalViewController.swift */ = {isa = PBXFileReference; lastKnownFileType = sourcecode.swift; path = ChooseNameModalViewController.swift; sourceTree = "<group>"; };
		BED0860F242118D900AA9441 /* Constants.swift */ = {isa = PBXFileReference; lastKnownFileType = sourcecode.swift; path = Constants.swift; sourceTree = "<group>"; };
		F969C2B1241CB048002C004F /* Hive2D.app */ = {isa = PBXFileReference; explicitFileType = wrapper.application; includeInIndex = 0; path = Hive2D.app; sourceTree = BUILT_PRODUCTS_DIR; };
		F969C2B4241CB048002C004F /* AppDelegate.swift */ = {isa = PBXFileReference; lastKnownFileType = sourcecode.swift; path = AppDelegate.swift; sourceTree = "<group>"; };
		F969C2B6241CB048002C004F /* SceneDelegate.swift */ = {isa = PBXFileReference; lastKnownFileType = sourcecode.swift; path = SceneDelegate.swift; sourceTree = "<group>"; };
		F969C2B8241CB048002C004F /* ViewController.swift */ = {isa = PBXFileReference; lastKnownFileType = sourcecode.swift; path = ViewController.swift; sourceTree = "<group>"; };
		F969C2BB241CB048002C004F /* Base */ = {isa = PBXFileReference; lastKnownFileType = file.storyboard; name = Base; path = Base.lproj/Main.storyboard; sourceTree = "<group>"; };
		F969C2BD241CB04A002C004F /* Assets.xcassets */ = {isa = PBXFileReference; lastKnownFileType = folder.assetcatalog; path = Assets.xcassets; sourceTree = "<group>"; };
		F969C2C0241CB04A002C004F /* Base */ = {isa = PBXFileReference; lastKnownFileType = file.storyboard; name = Base; path = Base.lproj/LaunchScreen.storyboard; sourceTree = "<group>"; };
		F969C2C2241CB04A002C004F /* Info.plist */ = {isa = PBXFileReference; lastKnownFileType = text.plist.xml; path = Info.plist; sourceTree = "<group>"; };
		F969C2C7241CB04A002C004F /* Hive2DTests.xctest */ = {isa = PBXFileReference; explicitFileType = wrapper.cfbundle; includeInIndex = 0; path = Hive2DTests.xctest; sourceTree = BUILT_PRODUCTS_DIR; };
		F969C2CB241CB04A002C004F /* Hive2DTests.swift */ = {isa = PBXFileReference; lastKnownFileType = sourcecode.swift; path = Hive2DTests.swift; sourceTree = "<group>"; };
		F969C2CD241CB04A002C004F /* Info.plist */ = {isa = PBXFileReference; lastKnownFileType = text.plist.xml; path = Info.plist; sourceTree = "<group>"; };
		F969C2D2241CB04A002C004F /* Hive2DUITests.xctest */ = {isa = PBXFileReference; explicitFileType = wrapper.cfbundle; includeInIndex = 0; path = Hive2DUITests.xctest; sourceTree = BUILT_PRODUCTS_DIR; };
		F969C2D6241CB04A002C004F /* Hive2DUITests.swift */ = {isa = PBXFileReference; lastKnownFileType = sourcecode.swift; path = Hive2DUITests.swift; sourceTree = "<group>"; };
		F969C2D8241CB04A002C004F /* Info.plist */ = {isa = PBXFileReference; lastKnownFileType = text.plist.xml; path = Info.plist; sourceTree = "<group>"; };
		F969C2E5241F9153002C004F /* Game.swift */ = {isa = PBXFileReference; lastKnownFileType = sourcecode.swift; path = Game.swift; sourceTree = "<group>"; };
		F969C2E7241F915E002C004F /* ResourceNode.swift */ = {isa = PBXFileReference; lastKnownFileType = sourcecode.swift; path = ResourceNode.swift; sourceTree = "<group>"; };
		F969C2E9241F9163002C004F /* SpriteComponent.swift */ = {isa = PBXFileReference; lastKnownFileType = sourcecode.swift; path = SpriteComponent.swift; sourceTree = "<group>"; };
		F969C2ED24205018002C004F /* NodeComponent.swift */ = {isa = PBXFileReference; lastKnownFileType = sourcecode.swift; path = NodeComponent.swift; sourceTree = "<group>"; };
		F969C2EF24205022002C004F /* ResourceConsumerComponent.swift */ = {isa = PBXFileReference; lastKnownFileType = sourcecode.swift; path = ResourceConsumerComponent.swift; sourceTree = "<group>"; };
		F969C2F124205032002C004F /* ResourceCollectorComponent.swift */ = {isa = PBXFileReference; lastKnownFileType = sourcecode.swift; path = ResourceCollectorComponent.swift; sourceTree = "<group>"; };
		F969C2F32420503F002C004F /* PlayerComponent.swift */ = {isa = PBXFileReference; lastKnownFileType = sourcecode.swift; path = PlayerComponent.swift; sourceTree = "<group>"; };
		F969C2F5242073C6002C004F /* Hive.swift */ = {isa = PBXFileReference; lastKnownFileType = sourcecode.swift; path = Hive.swift; sourceTree = "<group>"; };
		F969C2F72420CEDC002C004F /* CombatNode.swift */ = {isa = PBXFileReference; lastKnownFileType = sourcecode.swift; path = CombatNode.swift; sourceTree = "<group>"; };
		F969C2F92420D0EB002C004F /* GameScene.swift */ = {isa = PBXFileReference; lastKnownFileType = sourcecode.swift; path = GameScene.swift; sourceTree = "<group>"; };
		F969C2FB2420D4FA002C004F /* GameConfig.swift */ = {isa = PBXFileReference; lastKnownFileType = sourcecode.swift; path = GameConfig.swift; sourceTree = "<group>"; };
		F969C2FD2420D935002C004F /* ResourceComponent.swift */ = {isa = PBXFileReference; lastKnownFileType = sourcecode.swift; path = ResourceComponent.swift; sourceTree = "<group>"; };
		F969C2FF2420D96F002C004F /* Player.swift */ = {isa = PBXFileReference; lastKnownFileType = sourcecode.swift; path = Player.swift; sourceTree = "<group>"; };
		F9A2CE6B2420EF2600E5AB9F /* GoogleService-Info.plist */ = {isa = PBXFileReference; fileEncoding = 4; lastKnownFileType = text.plist.xml; path = "GoogleService-Info.plist"; sourceTree = "<group>"; };
/* End PBXFileReference section */

/* Begin PBXFrameworksBuildPhase section */
		F969C2AE241CB048002C004F /* Frameworks */ = {
			isa = PBXFrameworksBuildPhase;
			buildActionMask = 2147483647;
			files = (
				4232207B92D614812E700AE2 /* Pods_Hive2D.framework in Frameworks */,
			);
			runOnlyForDeploymentPostprocessing = 0;
		};
		F969C2C4241CB04A002C004F /* Frameworks */ = {
			isa = PBXFrameworksBuildPhase;
			buildActionMask = 2147483647;
			files = (
			);
			runOnlyForDeploymentPostprocessing = 0;
		};
		F969C2CF241CB04A002C004F /* Frameworks */ = {
			isa = PBXFrameworksBuildPhase;
			buildActionMask = 2147483647;
			files = (
			);
			runOnlyForDeploymentPostprocessing = 0;
		};
/* End PBXFrameworksBuildPhase section */

/* Begin PBXGroup section */
		2919C0A031B3687EDCAA062F /* Pods */ = {
			isa = PBXGroup;
			children = (
				A5B10ABA47111A0AB9D95191 /* Pods-Hive2D.debug.xcconfig */,
				2BB95A6D29C3D921123843A0 /* Pods-Hive2D.release.xcconfig */,
				17AB66D2A4E7C3B17AF91815 /* Pods-Hive2D.debug.xcconfig */,
				AEC71E151511AF7DFA049812 /* Pods-Hive2D.release.xcconfig */,
			);
			path = Pods;
			sourceTree = "<group>";
		};
		8D306B5D7DF75E1883903F88 /* Frameworks */ = {
			isa = PBXGroup;
			children = (
				84E0997E163C5167C00B24B4 /* Pods_Hive2D.framework */,
			);
			name = Frameworks;
			sourceTree = "<group>";
		};
		A97F4898241CE07400BF5429 /* Networking */ = {
			isa = PBXGroup;
			children = (
				A97F48C3242220F700BF5429 /* Firebase */,
				A97F4899241CE0AE00BF5429 /* LobbyNetworking.swift */,
				A97F48BF2422200000BF5429 /* LobbyFinder.swift */,
				A97F489B241CE23800BF5429 /* LobbyNetworkingDelegate.swift */,
				A97F48C12422206100BF5429 /* LobbyFinderDelegate.swift */,
				A97F489F241CE9AB00BF5429 /* GameNetworking.swift */,
				A97F48B82420ECA900BF5429 /* GameActionQueue.swift */,
			);
			path = Networking;
			sourceTree = "<group>";
		};
		A97F48A1241E171B00BF5429 /* GameActions */ = {
			isa = PBXGroup;
			children = (
				A97F48A2241E172500BF5429 /* GameAction.swift */,
				A97F48B0241E87AC00BF5429 /* GameActionType.swift */,
				A97F48A6241E30C200BF5429 /* BuildNodeAction.swift */,
				A97F48A8241E30E900BF5429 /* DestroyNodeAction.swift */,
				A97F48AA241E310000BF5429 /* ChangeNodeAction.swift */,
				A97F48AC241E310D00BF5429 /* QuitGameAction.swift */,
				A97F48AE241E316900BF5429 /* StartGameAction.swift */,
			);
			path = GameActions;
			sourceTree = "<group>";
		};
		A97F48BA2420F3A900BF5429 /* Utilities */ = {
			isa = PBXGroup;
			children = (
				A97F48BB2420F3B600BF5429 /* Queue.swift */,
			);
			path = Utilities;
			sourceTree = "<group>";
		};
		A97F48C3242220F700BF5429 /* Firebase */ = {
			isa = PBXGroup;
			children = (
				A97F48B6241E8B6D00BF5429 /* FirebaseLobby.swift */,
				A97F48C42422213D00BF5429 /* FirebaseLobbyFinder.swift */,
				A97F48BD2420F46C00BF5429 /* FirebaseGame.swift */,
				A97F48A4241E201700BF5429 /* FirebaseCodable.swift */,
				A97F48C62422218700BF5429 /* FirebaseConstants.swift */,
				A97F48C8242299B700BF5429 /* FirebaseHelper.swift */,
			);
			path = Firebase;
			sourceTree = "<group>";
		};
		A97F48CB242322BF00BF5429 /* Auth */ = {
			isa = PBXGroup;
			children = (
				A97F48D0242323CA00BF5429 /* Firebase */,
				A97F48CC242322ED00BF5429 /* UserAuth.swift */,
				A97F48CE2423236E00BF5429 /* UserAuthDelegate.swift */,
				A97F48D3242328AA00BF5429 /* UserAuthState.swift */,
			);
			path = Auth;
			sourceTree = "<group>";
		};
		A97F48D0242323CA00BF5429 /* Firebase */ = {
			isa = PBXGroup;
			children = (
				A97F48D1242323FF00BF5429 /* FirebaseUserAuth.swift */,
			);
			path = Firebase;
			sourceTree = "<group>";
		};
		BEB648FA241E5B5C002814D4 /* Controllers */ = {
			isa = PBXGroup;
			children = (
				BEB648F8241E5783002814D4 /* MainViewController.swift */,
				BEB648FB241E5BF3002814D4 /* LobbyViewController.swift */,
				BEB648FD241E8221002814D4 /* GameViewController.swift */,
				BE70684E241F79050060CC59 /* JoinGameModalViewController.swift */,
				BE706852241F7D390060CC59 /* SettingsModalViewController.swift */,
				BED0860D242106FB00AA9441 /* ChooseNameModalViewController.swift */,
			);
			path = Controllers;
			sourceTree = "<group>";
		};
		BED086062420CAAF00AA9441 /* Models */ = {
			isa = PBXGroup;
			children = (
				BED086072420CABB00AA9441 /* Lobby */,
			);
			path = Models;
			sourceTree = "<group>";
		};
		BED086072420CABB00AA9441 /* Lobby */ = {
			isa = PBXGroup;
			children = (
				A97F489D241CE2A500BF5429 /* Lobby.swift */,
				BED086092420CAEA00AA9441 /* LobbySettings.swift */,
				BED0860B2420CB2B00AA9441 /* GamePlayer.swift */,
			);
			path = Lobby;
			sourceTree = "<group>";
		};
		F969C2A8241CB048002C004F = {
			isa = PBXGroup;
			children = (
				F969C2B3241CB048002C004F /* Hive2D */,
				F969C2CA241CB04A002C004F /* Hive2DTests */,
				F969C2D5241CB04A002C004F /* Hive2DUITests */,
				F969C2B2241CB048002C004F /* Products */,
				8D306B5D7DF75E1883903F88 /* Frameworks */,
				2919C0A031B3687EDCAA062F /* Pods */,
			);
			sourceTree = "<group>";
		};
		F969C2B2241CB048002C004F /* Products */ = {
			isa = PBXGroup;
			children = (
				F969C2B1241CB048002C004F /* Hive2D.app */,
				F969C2C7241CB04A002C004F /* Hive2DTests.xctest */,
				F969C2D2241CB04A002C004F /* Hive2DUITests.xctest */,
			);
			name = Products;
			sourceTree = "<group>";
		};
		F969C2B3241CB048002C004F /* Hive2D */ = {
			isa = PBXGroup;
			children = (
				A97F48BA2420F3A900BF5429 /* Utilities */,
				F969C2E4241F9147002C004F /* Game */,
				BED086062420CAAF00AA9441 /* Models */,
				BEB648FA241E5B5C002814D4 /* Controllers */,
				A97F48A1241E171B00BF5429 /* GameActions */,
				A97F4898241CE07400BF5429 /* Networking */,
				A97F48CB242322BF00BF5429 /* Auth */,
				F969C2B4241CB048002C004F /* AppDelegate.swift */,
				F969C2B6241CB048002C004F /* SceneDelegate.swift */,
				F969C2B8241CB048002C004F /* ViewController.swift */,
				BED0860F242118D900AA9441 /* Constants.swift */,
				F969C2BA241CB048002C004F /* Main.storyboard */,
				F969C2BD241CB04A002C004F /* Assets.xcassets */,
				F969C2BF241CB04A002C004F /* LaunchScreen.storyboard */,
				F969C2C2241CB04A002C004F /* Info.plist */,
				F9A2CE6B2420EF2600E5AB9F /* GoogleService-Info.plist */,
			);
			path = Hive2D;
			sourceTree = "<group>";
		};
		F969C2CA241CB04A002C004F /* Hive2DTests */ = {
			isa = PBXGroup;
			children = (
				F969C2CB241CB04A002C004F /* Hive2DTests.swift */,
				F969C2CD241CB04A002C004F /* Info.plist */,
			);
			path = Hive2DTests;
			sourceTree = "<group>";
		};
		F969C2D5241CB04A002C004F /* Hive2DUITests */ = {
			isa = PBXGroup;
			children = (
				F969C2D6241CB04A002C004F /* Hive2DUITests.swift */,
				F969C2D8241CB04A002C004F /* Info.plist */,
			);
			path = Hive2DUITests;
			sourceTree = "<group>";
		};
		F969C2E4241F9147002C004F /* Game */ = {
			isa = PBXGroup;
			children = (
				F969C2EB24204FC9002C004F /* Entities */,
				F969C2EC24204FDA002C004F /* Components */,
				F969C2E5241F9153002C004F /* Game.swift */,
				F969C2FB2420D4FA002C004F /* GameConfig.swift */,
				F969C2F92420D0EB002C004F /* GameScene.swift */,
			);
			path = Game;
			sourceTree = "<group>";
		};
		F969C2EB24204FC9002C004F /* Entities */ = {
			isa = PBXGroup;
			children = (
				F969C2E7241F915E002C004F /* ResourceNode.swift */,
				F969C2F72420CEDC002C004F /* CombatNode.swift */,
				F969C2F5242073C6002C004F /* Hive.swift */,
				F969C2FF2420D96F002C004F /* Player.swift */,
			);
			path = Entities;
			sourceTree = "<group>";
		};
		F969C2EC24204FDA002C004F /* Components */ = {
			isa = PBXGroup;
			children = (
				F969C2E9241F9163002C004F /* SpriteComponent.swift */,
				F969C2ED24205018002C004F /* NodeComponent.swift */,
				F969C2EF24205022002C004F /* ResourceConsumerComponent.swift */,
				F969C2F124205032002C004F /* ResourceCollectorComponent.swift */,
				F969C2F32420503F002C004F /* PlayerComponent.swift */,
				F969C2FD2420D935002C004F /* ResourceComponent.swift */,
			);
			path = Components;
			sourceTree = "<group>";
		};
/* End PBXGroup section */

/* Begin PBXNativeTarget section */
		F969C2B0241CB048002C004F /* Hive2D */ = {
			isa = PBXNativeTarget;
			buildConfigurationList = F969C2DB241CB04A002C004F /* Build configuration list for PBXNativeTarget "Hive2D" */;
			buildPhases = (
				045812A9A080EBE9939A4BAC /* [CP] Check Pods Manifest.lock */,
				F969C2AD241CB048002C004F /* Sources */,
				F969C2AE241CB048002C004F /* Frameworks */,
				F969C2AF241CB048002C004F /* Resources */,
				795916B9CB2F66B84F39F399 /* [CP] Embed Pods Frameworks */,
				BE78855E242272ED00A988CF /* Swiftlint */,
			);
			buildRules = (
			);
			dependencies = (
			);
			name = Hive2D;
			productName = Hive2D;
			productReference = F969C2B1241CB048002C004F /* Hive2D.app */;
			productType = "com.apple.product-type.application";
		};
		F969C2C6241CB04A002C004F /* Hive2DTests */ = {
			isa = PBXNativeTarget;
			buildConfigurationList = F969C2DE241CB04A002C004F /* Build configuration list for PBXNativeTarget "Hive2DTests" */;
			buildPhases = (
				F969C2C3241CB04A002C004F /* Sources */,
				F969C2C4241CB04A002C004F /* Frameworks */,
				F969C2C5241CB04A002C004F /* Resources */,
			);
			buildRules = (
			);
			dependencies = (
				F969C2C9241CB04A002C004F /* PBXTargetDependency */,
			);
			name = Hive2DTests;
			productName = Hive2DTests;
			productReference = F969C2C7241CB04A002C004F /* Hive2DTests.xctest */;
			productType = "com.apple.product-type.bundle.unit-test";
		};
		F969C2D1241CB04A002C004F /* Hive2DUITests */ = {
			isa = PBXNativeTarget;
			buildConfigurationList = F969C2E1241CB04A002C004F /* Build configuration list for PBXNativeTarget "Hive2DUITests" */;
			buildPhases = (
				F969C2CE241CB04A002C004F /* Sources */,
				F969C2CF241CB04A002C004F /* Frameworks */,
				F969C2D0241CB04A002C004F /* Resources */,
			);
			buildRules = (
			);
			dependencies = (
				F969C2D4241CB04A002C004F /* PBXTargetDependency */,
			);
			name = Hive2DUITests;
			productName = Hive2DUITests;
			productReference = F969C2D2241CB04A002C004F /* Hive2DUITests.xctest */;
			productType = "com.apple.product-type.bundle.ui-testing";
		};
/* End PBXNativeTarget section */

/* Begin PBXProject section */
		F969C2A9241CB048002C004F /* Project object */ = {
			isa = PBXProject;
			attributes = {
				LastSwiftUpdateCheck = 1130;
				LastUpgradeCheck = 1130;
				ORGANIZATIONNAME = TSCO;
				TargetAttributes = {
					F969C2B0241CB048002C004F = {
						CreatedOnToolsVersion = 11.3.1;
					};
					F969C2C6241CB04A002C004F = {
						CreatedOnToolsVersion = 11.3.1;
						TestTargetID = F969C2B0241CB048002C004F;
					};
					F969C2D1241CB04A002C004F = {
						CreatedOnToolsVersion = 11.3.1;
						TestTargetID = F969C2B0241CB048002C004F;
					};
				};
			};
			buildConfigurationList = F969C2AC241CB048002C004F /* Build configuration list for PBXProject "Hive2D" */;
			compatibilityVersion = "Xcode 9.3";
			developmentRegion = en;
			hasScannedForEncodings = 0;
			knownRegions = (
				en,
				Base,
			);
			mainGroup = F969C2A8241CB048002C004F;
			productRefGroup = F969C2B2241CB048002C004F /* Products */;
			projectDirPath = "";
			projectRoot = "";
			targets = (
				F969C2B0241CB048002C004F /* Hive2D */,
				F969C2C6241CB04A002C004F /* Hive2DTests */,
				F969C2D1241CB04A002C004F /* Hive2DUITests */,
			);
		};
/* End PBXProject section */

/* Begin PBXResourcesBuildPhase section */
		F969C2AF241CB048002C004F /* Resources */ = {
			isa = PBXResourcesBuildPhase;
			buildActionMask = 2147483647;
			files = (
				F969C2C1241CB04A002C004F /* LaunchScreen.storyboard in Resources */,
				F9A2CE6C2420EF2600E5AB9F /* GoogleService-Info.plist in Resources */,
				F969C2BE241CB04A002C004F /* Assets.xcassets in Resources */,
				F969C2BC241CB048002C004F /* Main.storyboard in Resources */,
			);
			runOnlyForDeploymentPostprocessing = 0;
		};
		F969C2C5241CB04A002C004F /* Resources */ = {
			isa = PBXResourcesBuildPhase;
			buildActionMask = 2147483647;
			files = (
				F9A2CE6D2420EF2600E5AB9F /* GoogleService-Info.plist in Resources */,
			);
			runOnlyForDeploymentPostprocessing = 0;
		};
		F969C2D0241CB04A002C004F /* Resources */ = {
			isa = PBXResourcesBuildPhase;
			buildActionMask = 2147483647;
			files = (
				F9A2CE6E2420EF2600E5AB9F /* GoogleService-Info.plist in Resources */,
			);
			runOnlyForDeploymentPostprocessing = 0;
		};
/* End PBXResourcesBuildPhase section */

/* Begin PBXShellScriptBuildPhase section */
		045812A9A080EBE9939A4BAC /* [CP] Check Pods Manifest.lock */ = {
			isa = PBXShellScriptBuildPhase;
			buildActionMask = 2147483647;
			files = (
			);
			inputPaths = (
				"${PODS_PODFILE_DIR_PATH}/Podfile.lock",
				"${PODS_ROOT}/Manifest.lock",
			);
			name = "[CP] Check Pods Manifest.lock";
			outputPaths = (
				"$(DERIVED_FILE_DIR)/Pods-Hive2D-checkManifestLockResult.txt",
			);
			runOnlyForDeploymentPostprocessing = 0;
			shellPath = /bin/sh;
			shellScript = "diff \"${PODS_PODFILE_DIR_PATH}/Podfile.lock\" \"${PODS_ROOT}/Manifest.lock\" > /dev/null\nif [ $? != 0 ] ; then\n    # print error to STDERR\n    echo \"error: The sandbox is not in sync with the Podfile.lock. Run 'pod install' or update your CocoaPods installation.\" >&2\n    exit 1\nfi\n# This output is used by Xcode 'outputs' to avoid re-running this script phase.\necho \"SUCCESS\" > \"${SCRIPT_OUTPUT_FILE_0}\"\n";
			showEnvVarsInLog = 0;
		};
		795916B9CB2F66B84F39F399 /* [CP] Embed Pods Frameworks */ = {
			isa = PBXShellScriptBuildPhase;
			buildActionMask = 2147483647;
			files = (
			);
			inputFileListPaths = (
				"${PODS_ROOT}/Target Support Files/Pods-Hive2D/Pods-Hive2D-frameworks-${CONFIGURATION}-input-files.xcfilelist",
			);
			name = "[CP] Embed Pods Frameworks";
			outputFileListPaths = (
				"${PODS_ROOT}/Target Support Files/Pods-Hive2D/Pods-Hive2D-frameworks-${CONFIGURATION}-output-files.xcfilelist",
			);
			runOnlyForDeploymentPostprocessing = 0;
			shellPath = /bin/sh;
			shellScript = "\"${PODS_ROOT}/Target Support Files/Pods-Hive2D/Pods-Hive2D-frameworks.sh\"\n";
			showEnvVarsInLog = 0;
		};
		BE78855E242272ED00A988CF /* Swiftlint */ = {
			isa = PBXShellScriptBuildPhase;
			buildActionMask = 2147483647;
			files = (
			);
			inputFileListPaths = (
			);
			inputPaths = (
			);
			name = Swiftlint;
			outputFileListPaths = (
			);
			outputPaths = (
			);
			runOnlyForDeploymentPostprocessing = 0;
			shellPath = /bin/sh;
			shellScript = "if which swiftlint >/dev/null; then\n  swiftlint\nelse\n  echo \"warning: SwiftLint not installed, download from https://github.com/realm/SwiftLint\"\nfi\n";
		};
/* End PBXShellScriptBuildPhase section */

/* Begin PBXSourcesBuildPhase section */
		F969C2AD241CB048002C004F /* Sources */ = {
			isa = PBXSourcesBuildPhase;
			buildActionMask = 2147483647;
			files = (
				A97F48B1241E87AC00BF5429 /* GameActionType.swift in Sources */,
				A97F48C52422213D00BF5429 /* FirebaseLobbyFinder.swift in Sources */,
				A97F48D4242328AA00BF5429 /* UserAuthState.swift in Sources */,
				A97F489A241CE0AF00BF5429 /* LobbyNetworking.swift in Sources */,
				A97F489C241CE23800BF5429 /* LobbyNetworkingDelegate.swift in Sources */,
				A97F48BC2420F3B600BF5429 /* Queue.swift in Sources */,
				F969C2E8241F915E002C004F /* ResourceNode.swift in Sources */,
				A97F48C72422218700BF5429 /* FirebaseConstants.swift in Sources */,
				F969C2FA2420D0EB002C004F /* GameScene.swift in Sources */,
				F969C2F82420CEDC002C004F /* CombatNode.swift in Sources */,
				A97F48A0241CE9AB00BF5429 /* GameNetworking.swift in Sources */,
				A97F48AB241E310000BF5429 /* ChangeNodeAction.swift in Sources */,
				A97F48AF241E316900BF5429 /* StartGameAction.swift in Sources */,
				F969C2F224205032002C004F /* ResourceCollectorComponent.swift in Sources */,
				A97F48C22422206100BF5429 /* LobbyFinderDelegate.swift in Sources */,
				A97F48A5241E201700BF5429 /* FirebaseCodable.swift in Sources */,
				BED0860A2420CAEA00AA9441 /* LobbySettings.swift in Sources */,
				BEB648FE241E8221002814D4 /* GameViewController.swift in Sources */,
				A97F48A9241E30E900BF5429 /* DestroyNodeAction.swift in Sources */,
				A97F48A7241E30C200BF5429 /* BuildNodeAction.swift in Sources */,
				A97F48A3241E172500BF5429 /* GameAction.swift in Sources */,
				A97F48C9242299B700BF5429 /* FirebaseHelper.swift in Sources */,
				F969C3002420D96F002C004F /* Player.swift in Sources */,
				BEB648F9241E5783002814D4 /* MainViewController.swift in Sources */,
				F969C2E6241F9153002C004F /* Game.swift in Sources */,
				BEB648FC241E5BF3002814D4 /* LobbyViewController.swift in Sources */,
				F969C2EA241F9163002C004F /* SpriteComponent.swift in Sources */,
				A97F48CF2423236F00BF5429 /* UserAuthDelegate.swift in Sources */,
				F969C2F6242073C6002C004F /* Hive.swift in Sources */,
				A97F48CD242322ED00BF5429 /* UserAuth.swift in Sources */,
				BE706853241F7D390060CC59 /* SettingsModalViewController.swift in Sources */,
				BED08610242118D900AA9441 /* Constants.swift in Sources */,
				A97F48BE2420F46C00BF5429 /* FirebaseGame.swift in Sources */,
				BED086082420CAC700AA9441 /* Lobby.swift in Sources */,
				BED0860C2420CB2B00AA9441 /* GamePlayer.swift in Sources */,
				F969C2F024205022002C004F /* ResourceConsumerComponent.swift in Sources */,
				F969C2EE24205018002C004F /* NodeComponent.swift in Sources */,
				F969C2B9241CB048002C004F /* ViewController.swift in Sources */,
				BE70684F241F79050060CC59 /* JoinGameModalViewController.swift in Sources */,
				A97F48B7241E8B6D00BF5429 /* FirebaseLobby.swift in Sources */,
				F969C2FC2420D4FA002C004F /* GameConfig.swift in Sources */,
				A97F48D2242323FF00BF5429 /* FirebaseUserAuth.swift in Sources */,
				F969C2FE2420D935002C004F /* ResourceComponent.swift in Sources */,
				A97F48B92420ECA900BF5429 /* GameActionQueue.swift in Sources */,
				A97F48C02422200000BF5429 /* LobbyFinder.swift in Sources */,
				A97F48AD241E310D00BF5429 /* QuitGameAction.swift in Sources */,
				BED0860E242106FB00AA9441 /* ChooseNameModalViewController.swift in Sources */,
				F969C2B5241CB048002C004F /* AppDelegate.swift in Sources */,
				F969C2F42420503F002C004F /* PlayerComponent.swift in Sources */,
				F969C2B7241CB048002C004F /* SceneDelegate.swift in Sources */,
			);
			runOnlyForDeploymentPostprocessing = 0;
		};
		F969C2C3241CB04A002C004F /* Sources */ = {
			isa = PBXSourcesBuildPhase;
			buildActionMask = 2147483647;
			files = (
				F969C2CC241CB04A002C004F /* Hive2DTests.swift in Sources */,
			);
			runOnlyForDeploymentPostprocessing = 0;
		};
		F969C2CE241CB04A002C004F /* Sources */ = {
			isa = PBXSourcesBuildPhase;
			buildActionMask = 2147483647;
			files = (
				F969C2D7241CB04A002C004F /* Hive2DUITests.swift in Sources */,
			);
			runOnlyForDeploymentPostprocessing = 0;
		};
/* End PBXSourcesBuildPhase section */

/* Begin PBXTargetDependency section */
		F969C2C9241CB04A002C004F /* PBXTargetDependency */ = {
			isa = PBXTargetDependency;
			target = F969C2B0241CB048002C004F /* Hive2D */;
			targetProxy = F969C2C8241CB04A002C004F /* PBXContainerItemProxy */;
		};
		F969C2D4241CB04A002C004F /* PBXTargetDependency */ = {
			isa = PBXTargetDependency;
			target = F969C2B0241CB048002C004F /* Hive2D */;
			targetProxy = F969C2D3241CB04A002C004F /* PBXContainerItemProxy */;
		};
/* End PBXTargetDependency section */

/* Begin PBXVariantGroup section */
		F969C2BA241CB048002C004F /* Main.storyboard */ = {
			isa = PBXVariantGroup;
			children = (
				F969C2BB241CB048002C004F /* Base */,
			);
			name = Main.storyboard;
			sourceTree = "<group>";
		};
		F969C2BF241CB04A002C004F /* LaunchScreen.storyboard */ = {
			isa = PBXVariantGroup;
			children = (
				F969C2C0241CB04A002C004F /* Base */,
			);
			name = LaunchScreen.storyboard;
			sourceTree = "<group>";
		};
/* End PBXVariantGroup section */

/* Begin XCBuildConfiguration section */
		F969C2D9241CB04A002C004F /* Debug */ = {
			isa = XCBuildConfiguration;
			buildSettings = {
				ALWAYS_SEARCH_USER_PATHS = NO;
				CLANG_ANALYZER_NONNULL = YES;
				CLANG_ANALYZER_NUMBER_OBJECT_CONVERSION = YES_AGGRESSIVE;
				CLANG_CXX_LANGUAGE_STANDARD = "gnu++14";
				CLANG_CXX_LIBRARY = "libc++";
				CLANG_ENABLE_MODULES = YES;
				CLANG_ENABLE_OBJC_ARC = YES;
				CLANG_ENABLE_OBJC_WEAK = YES;
				CLANG_WARN_BLOCK_CAPTURE_AUTORELEASING = YES;
				CLANG_WARN_BOOL_CONVERSION = YES;
				CLANG_WARN_COMMA = YES;
				CLANG_WARN_CONSTANT_CONVERSION = YES;
				CLANG_WARN_DEPRECATED_OBJC_IMPLEMENTATIONS = YES;
				CLANG_WARN_DIRECT_OBJC_ISA_USAGE = YES_ERROR;
				CLANG_WARN_DOCUMENTATION_COMMENTS = YES;
				CLANG_WARN_EMPTY_BODY = YES;
				CLANG_WARN_ENUM_CONVERSION = YES;
				CLANG_WARN_INFINITE_RECURSION = YES;
				CLANG_WARN_INT_CONVERSION = YES;
				CLANG_WARN_NON_LITERAL_NULL_CONVERSION = YES;
				CLANG_WARN_OBJC_IMPLICIT_RETAIN_SELF = YES;
				CLANG_WARN_OBJC_LITERAL_CONVERSION = YES;
				CLANG_WARN_OBJC_ROOT_CLASS = YES_ERROR;
				CLANG_WARN_RANGE_LOOP_ANALYSIS = YES;
				CLANG_WARN_STRICT_PROTOTYPES = YES;
				CLANG_WARN_SUSPICIOUS_MOVE = YES;
				CLANG_WARN_UNGUARDED_AVAILABILITY = YES_AGGRESSIVE;
				CLANG_WARN_UNREACHABLE_CODE = YES;
				CLANG_WARN__DUPLICATE_METHOD_MATCH = YES;
				COPY_PHASE_STRIP = NO;
				DEBUG_INFORMATION_FORMAT = dwarf;
				ENABLE_STRICT_OBJC_MSGSEND = YES;
				ENABLE_TESTABILITY = YES;
				GCC_C_LANGUAGE_STANDARD = gnu11;
				GCC_DYNAMIC_NO_PIC = NO;
				GCC_NO_COMMON_BLOCKS = YES;
				GCC_OPTIMIZATION_LEVEL = 0;
				GCC_PREPROCESSOR_DEFINITIONS = (
					"DEBUG=1",
					"$(inherited)",
				);
				GCC_WARN_64_TO_32_BIT_CONVERSION = YES;
				GCC_WARN_ABOUT_RETURN_TYPE = YES_ERROR;
				GCC_WARN_UNDECLARED_SELECTOR = YES;
				GCC_WARN_UNINITIALIZED_AUTOS = YES_AGGRESSIVE;
				GCC_WARN_UNUSED_FUNCTION = YES;
				GCC_WARN_UNUSED_VARIABLE = YES;
				IPHONEOS_DEPLOYMENT_TARGET = 13.2;
				MTL_ENABLE_DEBUG_INFO = INCLUDE_SOURCE;
				MTL_FAST_MATH = YES;
				ONLY_ACTIVE_ARCH = YES;
				SDKROOT = iphoneos;
				SWIFT_ACTIVE_COMPILATION_CONDITIONS = DEBUG;
				SWIFT_OPTIMIZATION_LEVEL = "-Onone";
				TARGETED_DEVICE_FAMILY = 2;
			};
			name = Debug;
		};
		F969C2DA241CB04A002C004F /* Release */ = {
			isa = XCBuildConfiguration;
			buildSettings = {
				ALWAYS_SEARCH_USER_PATHS = NO;
				CLANG_ANALYZER_NONNULL = YES;
				CLANG_ANALYZER_NUMBER_OBJECT_CONVERSION = YES_AGGRESSIVE;
				CLANG_CXX_LANGUAGE_STANDARD = "gnu++14";
				CLANG_CXX_LIBRARY = "libc++";
				CLANG_ENABLE_MODULES = YES;
				CLANG_ENABLE_OBJC_ARC = YES;
				CLANG_ENABLE_OBJC_WEAK = YES;
				CLANG_WARN_BLOCK_CAPTURE_AUTORELEASING = YES;
				CLANG_WARN_BOOL_CONVERSION = YES;
				CLANG_WARN_COMMA = YES;
				CLANG_WARN_CONSTANT_CONVERSION = YES;
				CLANG_WARN_DEPRECATED_OBJC_IMPLEMENTATIONS = YES;
				CLANG_WARN_DIRECT_OBJC_ISA_USAGE = YES_ERROR;
				CLANG_WARN_DOCUMENTATION_COMMENTS = YES;
				CLANG_WARN_EMPTY_BODY = YES;
				CLANG_WARN_ENUM_CONVERSION = YES;
				CLANG_WARN_INFINITE_RECURSION = YES;
				CLANG_WARN_INT_CONVERSION = YES;
				CLANG_WARN_NON_LITERAL_NULL_CONVERSION = YES;
				CLANG_WARN_OBJC_IMPLICIT_RETAIN_SELF = YES;
				CLANG_WARN_OBJC_LITERAL_CONVERSION = YES;
				CLANG_WARN_OBJC_ROOT_CLASS = YES_ERROR;
				CLANG_WARN_RANGE_LOOP_ANALYSIS = YES;
				CLANG_WARN_STRICT_PROTOTYPES = YES;
				CLANG_WARN_SUSPICIOUS_MOVE = YES;
				CLANG_WARN_UNGUARDED_AVAILABILITY = YES_AGGRESSIVE;
				CLANG_WARN_UNREACHABLE_CODE = YES;
				CLANG_WARN__DUPLICATE_METHOD_MATCH = YES;
				COPY_PHASE_STRIP = NO;
				DEBUG_INFORMATION_FORMAT = "dwarf-with-dsym";
				ENABLE_NS_ASSERTIONS = NO;
				ENABLE_STRICT_OBJC_MSGSEND = YES;
				GCC_C_LANGUAGE_STANDARD = gnu11;
				GCC_NO_COMMON_BLOCKS = YES;
				GCC_WARN_64_TO_32_BIT_CONVERSION = YES;
				GCC_WARN_ABOUT_RETURN_TYPE = YES_ERROR;
				GCC_WARN_UNDECLARED_SELECTOR = YES;
				GCC_WARN_UNINITIALIZED_AUTOS = YES_AGGRESSIVE;
				GCC_WARN_UNUSED_FUNCTION = YES;
				GCC_WARN_UNUSED_VARIABLE = YES;
				IPHONEOS_DEPLOYMENT_TARGET = 13.2;
				MTL_ENABLE_DEBUG_INFO = NO;
				MTL_FAST_MATH = YES;
				SDKROOT = iphoneos;
				SWIFT_COMPILATION_MODE = wholemodule;
				SWIFT_OPTIMIZATION_LEVEL = "-O";
				TARGETED_DEVICE_FAMILY = 2;
				VALIDATE_PRODUCT = YES;
			};
			name = Release;
		};
		F969C2DC241CB04A002C004F /* Debug */ = {
			isa = XCBuildConfiguration;
			baseConfigurationReference = A5B10ABA47111A0AB9D95191 /* Pods-Hive2D.debug.xcconfig */;
			buildSettings = {
				ASSETCATALOG_COMPILER_APPICON_NAME = AppIcon;
				CODE_SIGN_STYLE = Automatic;
				DEVELOPMENT_TEAM = W76H98A34A;
				INFOPLIST_FILE = Hive2D/Info.plist;
				LD_RUNPATH_SEARCH_PATHS = (
					"$(inherited)",
					"@executable_path/Frameworks",
				);
				PRODUCT_BUNDLE_IDENTIFIER = tsco.Hive2D;
				PRODUCT_NAME = "$(TARGET_NAME)";
				SWIFT_VERSION = 5.0;
				TARGETED_DEVICE_FAMILY = 2;
			};
			name = Debug;
		};
		F969C2DD241CB04A002C004F /* Release */ = {
			isa = XCBuildConfiguration;
			baseConfigurationReference = 2BB95A6D29C3D921123843A0 /* Pods-Hive2D.release.xcconfig */;
			buildSettings = {
				ASSETCATALOG_COMPILER_APPICON_NAME = AppIcon;
				CODE_SIGN_STYLE = Automatic;
				DEVELOPMENT_TEAM = W76H98A34A;
				INFOPLIST_FILE = Hive2D/Info.plist;
				LD_RUNPATH_SEARCH_PATHS = (
					"$(inherited)",
					"@executable_path/Frameworks",
				);
				PRODUCT_BUNDLE_IDENTIFIER = tsco.Hive2D;
				PRODUCT_NAME = "$(TARGET_NAME)";
				SWIFT_VERSION = 5.0;
				TARGETED_DEVICE_FAMILY = 2;
			};
			name = Release;
		};
		F969C2DF241CB04A002C004F /* Debug */ = {
			isa = XCBuildConfiguration;
			buildSettings = {
				ALWAYS_EMBED_SWIFT_STANDARD_LIBRARIES = YES;
				BUNDLE_LOADER = "$(TEST_HOST)";
				CODE_SIGN_STYLE = Automatic;
				HEADER_SEARCH_PATHS = "${SRCROOT}/Pods/Firebase/CoreOnly/Sources";
				INFOPLIST_FILE = Hive2DTests/Info.plist;
				IPHONEOS_DEPLOYMENT_TARGET = 13.2;
				LD_RUNPATH_SEARCH_PATHS = (
					"$(inherited)",
					"@executable_path/Frameworks",
					"@loader_path/Frameworks",
				);
				PRODUCT_BUNDLE_IDENTIFIER = tsco.Hive2DTests;
				PRODUCT_NAME = "$(TARGET_NAME)";
				SWIFT_VERSION = 5.0;
				TARGETED_DEVICE_FAMILY = "1,2";
				TEST_HOST = "$(BUILT_PRODUCTS_DIR)/Hive2D.app/Hive2D";
			};
			name = Debug;
		};
		F969C2E0241CB04A002C004F /* Release */ = {
			isa = XCBuildConfiguration;
			buildSettings = {
				ALWAYS_EMBED_SWIFT_STANDARD_LIBRARIES = YES;
				BUNDLE_LOADER = "$(TEST_HOST)";
				CODE_SIGN_STYLE = Automatic;
				HEADER_SEARCH_PATHS = "${SRCROOT}/Pods/Firebase/CoreOnly/Sources";
				INFOPLIST_FILE = Hive2DTests/Info.plist;
				IPHONEOS_DEPLOYMENT_TARGET = 13.2;
				LD_RUNPATH_SEARCH_PATHS = (
					"$(inherited)",
					"@executable_path/Frameworks",
					"@loader_path/Frameworks",
				);
				PRODUCT_BUNDLE_IDENTIFIER = tsco.Hive2DTests;
				PRODUCT_NAME = "$(TARGET_NAME)";
				SWIFT_VERSION = 5.0;
				TARGETED_DEVICE_FAMILY = "1,2";
				TEST_HOST = "$(BUILT_PRODUCTS_DIR)/Hive2D.app/Hive2D";
			};
			name = Release;
		};
		F969C2E2241CB04A002C004F /* Debug */ = {
			isa = XCBuildConfiguration;
			buildSettings = {
				ALWAYS_EMBED_SWIFT_STANDARD_LIBRARIES = YES;
				CODE_SIGN_STYLE = Automatic;
				INFOPLIST_FILE = Hive2DUITests/Info.plist;
				LD_RUNPATH_SEARCH_PATHS = (
					"$(inherited)",
					"@executable_path/Frameworks",
					"@loader_path/Frameworks",
				);
				PRODUCT_BUNDLE_IDENTIFIER = tsco.Hive2DUITests;
				PRODUCT_NAME = "$(TARGET_NAME)";
				SWIFT_VERSION = 5.0;
				TARGETED_DEVICE_FAMILY = "1,2";
				TEST_TARGET_NAME = Hive2D;
			};
			name = Debug;
		};
		F969C2E3241CB04A002C004F /* Release */ = {
			isa = XCBuildConfiguration;
			buildSettings = {
				ALWAYS_EMBED_SWIFT_STANDARD_LIBRARIES = YES;
				CODE_SIGN_STYLE = Automatic;
				INFOPLIST_FILE = Hive2DUITests/Info.plist;
				LD_RUNPATH_SEARCH_PATHS = (
					"$(inherited)",
					"@executable_path/Frameworks",
					"@loader_path/Frameworks",
				);
				PRODUCT_BUNDLE_IDENTIFIER = tsco.Hive2DUITests;
				PRODUCT_NAME = "$(TARGET_NAME)";
				SWIFT_VERSION = 5.0;
				TARGETED_DEVICE_FAMILY = "1,2";
				TEST_TARGET_NAME = Hive2D;
			};
			name = Release;
		};
/* End XCBuildConfiguration section */

/* Begin XCConfigurationList section */
		F969C2AC241CB048002C004F /* Build configuration list for PBXProject "Hive2D" */ = {
			isa = XCConfigurationList;
			buildConfigurations = (
				F969C2D9241CB04A002C004F /* Debug */,
				F969C2DA241CB04A002C004F /* Release */,
			);
			defaultConfigurationIsVisible = 0;
			defaultConfigurationName = Release;
		};
		F969C2DB241CB04A002C004F /* Build configuration list for PBXNativeTarget "Hive2D" */ = {
			isa = XCConfigurationList;
			buildConfigurations = (
				F969C2DC241CB04A002C004F /* Debug */,
				F969C2DD241CB04A002C004F /* Release */,
			);
			defaultConfigurationIsVisible = 0;
			defaultConfigurationName = Release;
		};
		F969C2DE241CB04A002C004F /* Build configuration list for PBXNativeTarget "Hive2DTests" */ = {
			isa = XCConfigurationList;
			buildConfigurations = (
				F969C2DF241CB04A002C004F /* Debug */,
				F969C2E0241CB04A002C004F /* Release */,
			);
			defaultConfigurationIsVisible = 0;
			defaultConfigurationName = Release;
		};
		F969C2E1241CB04A002C004F /* Build configuration list for PBXNativeTarget "Hive2DUITests" */ = {
			isa = XCConfigurationList;
			buildConfigurations = (
				F969C2E2241CB04A002C004F /* Debug */,
				F969C2E3241CB04A002C004F /* Release */,
			);
			defaultConfigurationIsVisible = 0;
			defaultConfigurationName = Release;
		};
/* End XCConfigurationList section */
	};
	rootObject = F969C2A9241CB048002C004F /* Project object */;
}
